
Microsoft Visual Studio Solution File, Format Version 12.00
Project("{FAE04EC0-301F-11D3-BF4B-00C04F79EFBC}") = "EmployeeWebAppApi", "EmployeeWebAppApi\EmployeeWebAppApi.csproj", "{EAF299A5-CE4A-424A-AB3B-7BE422149402}"
EndProject
Global
	GlobalSection(SolutionConfigurationPlatforms) = preSolution
		Debug|Any CPU = Debug|Any CPU
		Release|Any CPU = Release|Any CPU
	EndGlobalSection
	GlobalSection(ProjectConfigurationPlatforms) = postSolution
		{EAF299A5-CE4A-424A-AB3B-7BE422149402}.Debug|Any CPU.ActiveCfg = Debug|Any CPU
		{EAF299A5-CE4A-424A-AB3B-7BE422149402}.Debug|Any CPU.Build.0 = Debug|Any CPU
		{EAF299A5-CE4A-424A-AB3B-7BE422149402}.Release|Any CPU.ActiveCfg = Release|Any CPU
		{EAF299A5-CE4A-424A-AB3B-7BE422149402}.Release|Any CPU.Build.0 = Release|Any CPU
	EndGlobalSection
EndGlobal
